
Microsoft Visual Studio Solution File, Format Version 12.00
# Visual Studio Version 16
VisualStudioVersion = 16.0.31729.503
MinimumVisualStudioVersion = 10.0.40219.1
Project("{9A19103F-16F7-4668-BE54-9A1E7A4F7556}") = "AppCore", "AppCore\AppCore.csproj", "{1C0757DF-E732-48B6-866A-A438FE65FE58}"
EndProject
Project("{9A19103F-16F7-4668-BE54-9A1E7A4F7556}") = "Kutuphane.DAL", "Kutuphane.DAL\Kutuphane.DAL.csproj", "{FF47309B-CC2D-4F0F-80AF-A8E6B1DEAD9F}"
EndProject
Project("{9A19103F-16F7-4668-BE54-9A1E7A4F7556}") = "Kutuphane.Business", "Kutuphane.Business\Kutuphane.Business.csproj", "{B53C4CA8-2959-4917-A7D4-9573D397DB17}"
EndProject
Project("{FAE04EC0-301F-11D3-BF4B-00C04F79EFBC}") = "Kutuphane.WebAPI", "Kutuphane.WebAPI\Kutuphane.WebAPI.csproj", "{EAE19F1A-384B-43C9-ABBF-B17EDE4E8024}"
EndProject
Global
	GlobalSection(SolutionConfigurationPlatforms) = preSolution
		Debug|Any CPU = Debug|Any CPU
		Release|Any CPU = Release|Any CPU
	EndGlobalSection
	GlobalSection(ProjectConfigurationPlatforms) = postSolution
		{1C0757DF-E732-48B6-866A-A438FE65FE58}.Debug|Any CPU.ActiveCfg = Debug|Any CPU
		{1C0757DF-E732-48B6-866A-A438FE65FE58}.Debug|Any CPU.Build.0 = Debug|Any CPU
		{1C0757DF-E732-48B6-866A-A438FE65FE58}.Release|Any CPU.ActiveCfg = Release|Any CPU
		{1C0757DF-E732-48B6-866A-A438FE65FE58}.Release|Any CPU.Build.0 = Release|Any CPU
		{FF47309B-CC2D-4F0F-80AF-A8E6B1DEAD9F}.Debug|Any CPU.ActiveCfg = Debug|Any CPU
		{FF47309B-CC2D-4F0F-80AF-A8E6B1DEAD9F}.Debug|Any CPU.Build.0 = Debug|Any CPU
		{FF47309B-CC2D-4F0F-80AF-A8E6B1DEAD9F}.Release|Any CPU.ActiveCfg = Release|Any CPU
		{FF47309B-CC2D-4F0F-80AF-A8E6B1DEAD9F}.Release|Any CPU.Build.0 = Release|Any CPU
		{B53C4CA8-2959-4917-A7D4-9573D397DB17}.Debug|Any CPU.ActiveCfg = Debug|Any CPU
		{B53C4CA8-2959-4917-A7D4-9573D397DB17}.Debug|Any CPU.Build.0 = Debug|Any CPU
		{B53C4CA8-2959-4917-A7D4-9573D397DB17}.Release|Any CPU.ActiveCfg = Release|Any CPU
		{B53C4CA8-2959-4917-A7D4-9573D397DB17}.Release|Any CPU.Build.0 = Release|Any CPU
		{EAE19F1A-384B-43C9-ABBF-B17EDE4E8024}.Debug|Any CPU.ActiveCfg = Debug|Any CPU
		{EAE19F1A-384B-43C9-ABBF-B17EDE4E8024}.Debug|Any CPU.Build.0 = Debug|Any CPU
		{EAE19F1A-384B-43C9-ABBF-B17EDE4E8024}.Release|Any CPU.ActiveCfg = Release|Any CPU
		{EAE19F1A-384B-43C9-ABBF-B17EDE4E8024}.Release|Any CPU.Build.0 = Release|Any CPU
	EndGlobalSection
	GlobalSection(SolutionProperties) = preSolution
		HideSolutionNode = FALSE
	EndGlobalSection
	GlobalSection(ExtensibilityGlobals) = postSolution
		SolutionGuid = {BE7823AC-4A12-4506-9548-8633F335F7E7}
	EndGlobalSection
EndGlobal
